// !$*UTF8*$!
{
	archiveVersion = 1;
	classes = {
	};
	objectVersion = 56;
	objects = {

/* Begin PBXBuildFile section */
		3D312D502C5C0E54008F0B8D /* ThreadBO.swift in Sources */ = {isa = PBXBuildFile; fileRef = 3D312D4F2C5C0E54008F0B8D /* ThreadBO.swift */; };
		3D312D532C5C0F2A008F0B8D /* CreateThreadViewModel.swift in Sources */ = {isa = PBXBuildFile; fileRef = 3D312D522C5C0F2A008F0B8D /* CreateThreadViewModel.swift */; };
		3D312D552C5C0F46008F0B8D /* ThreadService.swift in Sources */ = {isa = PBXBuildFile; fileRef = 3D312D542C5C0F46008F0B8D /* ThreadService.swift */; };
		3D312D582C5C1478008F0B8D /* FeedViewModel.swift in Sources */ = {isa = PBXBuildFile; fileRef = 3D312D572C5C1478008F0B8D /* FeedViewModel.swift */; };
		3D3BF3F12C4979BF0050BB92 /* ThreadsTextFieldModifier.swift in Sources */ = {isa = PBXBuildFile; fileRef = 3D3BF3F02C4979BF0050BB92 /* ThreadsTextFieldModifier.swift */; };
		3D3BF3F42C497B640050BB92 /* ThreadsTabView.swift in Sources */ = {isa = PBXBuildFile; fileRef = 3D3BF3F32C497B640050BB92 /* ThreadsTabView.swift */; };
		3D3BF3F82C497CE20050BB92 /* FeedView.swift in Sources */ = {isa = PBXBuildFile; fileRef = 3D3BF3F72C497CE20050BB92 /* FeedView.swift */; };
		3D3BF3FC2C497CFD0050BB92 /* ExploreView.swift in Sources */ = {isa = PBXBuildFile; fileRef = 3D3BF3FB2C497CFD0050BB92 /* ExploreView.swift */; };
		3D3BF4062C497D340050BB92 /* ActivityView.swift in Sources */ = {isa = PBXBuildFile; fileRef = 3D3BF4052C497D340050BB92 /* ActivityView.swift */; };
		3D3BF4082C497D410050BB92 /* ProfileView.swift in Sources */ = {isa = PBXBuildFile; fileRef = 3D3BF4072C497D410050BB92 /* ProfileView.swift */; };
		3D3BF40A2C497D5E0050BB92 /* CreateThreadView.swift in Sources */ = {isa = PBXBuildFile; fileRef = 3D3BF4092C497D5E0050BB92 /* CreateThreadView.swift */; };
		3D3BF40C2C497E8B0050BB92 /* ThreadCell.swift in Sources */ = {isa = PBXBuildFile; fileRef = 3D3BF40B2C497E8B0050BB92 /* ThreadCell.swift */; };
		3D3BF40F2C4983B90050BB92 /* CircularProfileImageView.swift in Sources */ = {isa = PBXBuildFile; fileRef = 3D3BF40E2C4983B90050BB92 /* CircularProfileImageView.swift */; };
		3D3BF4112C49842B0050BB92 /* UserCell.swift in Sources */ = {isa = PBXBuildFile; fileRef = 3D3BF4102C49842B0050BB92 /* UserCell.swift */; };
		3D3BF4142C4989230050BB92 /* ProfileThreadFilter.swift in Sources */ = {isa = PBXBuildFile; fileRef = 3D3BF4132C4989230050BB92 /* ProfileThreadFilter.swift */; };
		3D3BF4182C498CDF0050BB92 /* EditProfileView.swift in Sources */ = {isa = PBXBuildFile; fileRef = 3D3BF4172C498CDF0050BB92 /* EditProfileView.swift */; };
		3D44132A2C4C2E4500D71E39 /* ContentViewModel.swift in Sources */ = {isa = PBXBuildFile; fileRef = 3D4413292C4C2E4500D71E39 /* ContentViewModel.swift */; };
		3D44132C2C4C31C200D71E39 /* LoginViewModel.swift in Sources */ = {isa = PBXBuildFile; fileRef = 3D44132B2C4C31C200D71E39 /* LoginViewModel.swift */; };
		3D44132E2C4C344B00D71E39 /* UserBO.swift in Sources */ = {isa = PBXBuildFile; fileRef = 3D44132D2C4C344B00D71E39 /* UserBO.swift */; };
		3D4413302C4C3AD200D71E39 /* UserService.swift in Sources */ = {isa = PBXBuildFile; fileRef = 3D44132F2C4C3AD200D71E39 /* UserService.swift */; };
		3D4413362C4C3FFE00D71E39 /* ExploreViewModel.swift in Sources */ = {isa = PBXBuildFile; fileRef = 3D4413352C4C3FFE00D71E39 /* ExploreViewModel.swift */; };
		3D4413382C4C417100D71E39 /* PreviewProvider.swift in Sources */ = {isa = PBXBuildFile; fileRef = 3D4413372C4C417100D71E39 /* PreviewProvider.swift */; };
		3D44133D2C4C457100D71E39 /* CurrentUserProfileView.swift in Sources */ = {isa = PBXBuildFile; fileRef = 3D44133C2C4C457100D71E39 /* CurrentUserProfileView.swift */; };
		3D44133F2C4C45E500D71E39 /* CurrentUserProfileViewModel.swift in Sources */ = {isa = PBXBuildFile; fileRef = 3D44133E2C4C45E500D71E39 /* CurrentUserProfileViewModel.swift */; };
		3D4413422C4C47A700D71E39 /* ProfileHeaderView.swift in Sources */ = {isa = PBXBuildFile; fileRef = 3D4413412C4C47A700D71E39 /* ProfileHeaderView.swift */; };
		3D4413442C4C48D600D71E39 /* UserContentListView.swift in Sources */ = {isa = PBXBuildFile; fileRef = 3D4413432C4C48D600D71E39 /* UserContentListView.swift */; };
		3D6512A32C4AD59E00EC40EE /* GoogleService-Info.plist in Resources */ = {isa = PBXBuildFile; fileRef = 3D6512A22C4AD59E00EC40EE /* GoogleService-Info.plist */; };
		3D6512A62C4AD63100EC40EE /* FirebaseAuth in Frameworks */ = {isa = PBXBuildFile; productRef = 3D6512A52C4AD63100EC40EE /* FirebaseAuth */; };
		3D6512A82C4AD63100EC40EE /* FirebaseFirestore in Frameworks */ = {isa = PBXBuildFile; productRef = 3D6512A72C4AD63100EC40EE /* FirebaseFirestore */; };
		3D6512AA2C4AD63100EC40EE /* FirebaseFirestoreSwift in Frameworks */ = {isa = PBXBuildFile; productRef = 3D6512A92C4AD63100EC40EE /* FirebaseFirestoreSwift */; };
		3D6512AC2C4AD63100EC40EE /* FirebaseStorage in Frameworks */ = {isa = PBXBuildFile; productRef = 3D6512AB2C4AD63100EC40EE /* FirebaseStorage */; };
		3D6512B02C4AD99800EC40EE /* RegistrationViewModel.swift in Sources */ = {isa = PBXBuildFile; fileRef = 3D6512AF2C4AD99800EC40EE /* RegistrationViewModel.swift */; };
		3D6512B22C4ADA2A00EC40EE /* AuthService.swift in Sources */ = {isa = PBXBuildFile; fileRef = 3D6512B12C4ADA2A00EC40EE /* AuthService.swift */; };
		3D6572392CDE86D90064A206 /* CreateUserDTO.swift in Sources */ = {isa = PBXBuildFile; fileRef = 3D6572382CDE86D90064A206 /* CreateUserDTO.swift */; };
		3D65723B2CDE87180064A206 /* UpdateUserDTO.swift in Sources */ = {isa = PBXBuildFile; fileRef = 3D65723A2CDE87180064A206 /* UpdateUserDTO.swift */; };
		3D65723D2CDE87560064A206 /* UserDTO.swift in Sources */ = {isa = PBXBuildFile; fileRef = 3D65723C2CDE87560064A206 /* UserDTO.swift */; };
		3D6572402CDE878A0064A206 /* CreateUserDTO+Dictionary.swift in Sources */ = {isa = PBXBuildFile; fileRef = 3D65723F2CDE878A0064A206 /* CreateUserDTO+Dictionary.swift */; };
		3D6572422CDE87E70064A206 /* UpdateUserDTO+Dictionary.swift in Sources */ = {isa = PBXBuildFile; fileRef = 3D6572412CDE87E70064A206 /* UpdateUserDTO+Dictionary.swift */; };
		3D6572442CDE885F0064A206 /* UserDataSource.swift in Sources */ = {isa = PBXBuildFile; fileRef = 3D6572432CDE885F0064A206 /* UserDataSource.swift */; };
		3D6572462CDE88A00064A206 /* AuthenticationDataSource.swift in Sources */ = {isa = PBXBuildFile; fileRef = 3D6572452CDE88A00064A206 /* AuthenticationDataSource.swift */; };
		3D6572482CDE8C660064A206 /* StorageFilesDataSource.swift in Sources */ = {isa = PBXBuildFile; fileRef = 3D6572472CDE8C660064A206 /* StorageFilesDataSource.swift */; };
		3D65724A2CDE8CAF0064A206 /* FirestoreStorageFilesDataSourceImpl.swift in Sources */ = {isa = PBXBuildFile; fileRef = 3D6572492CDE8CAF0064A206 /* FirestoreStorageFilesDataSourceImpl.swift */; };
		3D65724C2CDE8CF50064A206 /* FirebaseAuthenticationDataSourceImpl.swift in Sources */ = {isa = PBXBuildFile; fileRef = 3D65724B2CDE8CF50064A206 /* FirebaseAuthenticationDataSourceImpl.swift */; };
		3D65724E2CDE8D150064A206 /* FirestoreUserDataSourceImpl.swift in Sources */ = {isa = PBXBuildFile; fileRef = 3D65724D2CDE8D150064A206 /* FirestoreUserDataSourceImpl.swift */; };
		3D6572502CDE8D7C0064A206 /* Container.swift in Sources */ = {isa = PBXBuildFile; fileRef = 3D65724F2CDE8D7B0064A206 /* Container.swift */; };
		3D6572542CDE8E4A0064A206 /* Mapper.swift in Sources */ = {isa = PBXBuildFile; fileRef = 3D6572532CDE8E4A0064A206 /* Mapper.swift */; };
		3D6572562CDE8E620064A206 /* UserMapper.swift in Sources */ = {isa = PBXBuildFile; fileRef = 3D6572552CDE8E620064A206 /* UserMapper.swift */; };
		3D65725C2CDE90B70064A206 /* UserProfileRepository.swift in Sources */ = {isa = PBXBuildFile; fileRef = 3D65725B2CDE90B70064A206 /* UserProfileRepository.swift */; };
		3D65725E2CDE912E0064A206 /* UserProfileRepositoryImpl.swift in Sources */ = {isa = PBXBuildFile; fileRef = 3D65725D2CDE912E0064A206 /* UserProfileRepositoryImpl.swift */; };
		3D6572602CDE92A70064A206 /* AuthenticationRepository.swift in Sources */ = {isa = PBXBuildFile; fileRef = 3D65725F2CDE92A70064A206 /* AuthenticationRepository.swift */; };
		3D6572622CDE92CA0064A206 /* AuthenticationRepositoryImpl.swift in Sources */ = {isa = PBXBuildFile; fileRef = 3D6572612CDE92CA0064A206 /* AuthenticationRepositoryImpl.swift */; };
		3D6572642CDE92FA0064A206 /* SignOutUseCase.swift in Sources */ = {isa = PBXBuildFile; fileRef = 3D6572632CDE92FA0064A206 /* SignOutUseCase.swift */; };
		3D6572662CDE930E0064A206 /* SignUpUseCase.swift in Sources */ = {isa = PBXBuildFile; fileRef = 3D6572652CDE930E0064A206 /* SignUpUseCase.swift */; };
		3D6572682CDE93D40064A206 /* VerifySessionUseCase.swift in Sources */ = {isa = PBXBuildFile; fileRef = 3D6572672CDE93D40064A206 /* VerifySessionUseCase.swift */; };
		3D65726A2CDE94070064A206 /* GetCurrentUserUseCase.swift in Sources */ = {isa = PBXBuildFile; fileRef = 3D6572692CDE94070064A206 /* GetCurrentUserUseCase.swift */; };
		3D65726C2CDE94490064A206 /* GetSuggestionsUseCase.swift in Sources */ = {isa = PBXBuildFile; fileRef = 3D65726B2CDE94490064A206 /* GetSuggestionsUseCase.swift */; };
		3D65726E2CDE949E0064A206 /* UpdateUserUseCase.swift in Sources */ = {isa = PBXBuildFile; fileRef = 3D65726D2CDE949E0064A206 /* UpdateUserUseCase.swift */; };
		3D6572712CDE95310064A206 /* EventBus.swift in Sources */ = {isa = PBXBuildFile; fileRef = 3D6572702CDE95310064A206 /* EventBus.swift */; };
		3D6572732CDE9B960064A206 /* CreateThreadDTO.swift in Sources */ = {isa = PBXBuildFile; fileRef = 3D6572722CDE9B960064A206 /* CreateThreadDTO.swift */; };
		3D6572752CDE9CD80064A206 /* ThreadDTO.swift in Sources */ = {isa = PBXBuildFile; fileRef = 3D6572742CDE9CD80064A206 /* ThreadDTO.swift */; };
		3D6572772CDE9D2C0064A206 /* CreateThreadDTO+Dictionary.swift in Sources */ = {isa = PBXBuildFile; fileRef = 3D6572762CDE9D2C0064A206 /* CreateThreadDTO+Dictionary.swift */; };
		3D65727B2CDE9E0D0064A206 /* ThreadsDataSource.swift in Sources */ = {isa = PBXBuildFile; fileRef = 3D65727A2CDE9E0C0064A206 /* ThreadsDataSource.swift */; };
		3D65727D2CDE9E360064A206 /* FirestoreThreadsDataSourceImpl.swift in Sources */ = {isa = PBXBuildFile; fileRef = 3D65727C2CDE9E360064A206 /* FirestoreThreadsDataSourceImpl.swift */; };
		3D7F54D42CDD5A7600D1CF50 /* Factory in Frameworks */ = {isa = PBXBuildFile; productRef = 3D7F54D32CDD5A7600D1CF50 /* Factory */; };
		3D885E052C4CF83600A3BE3A /* EditProfileViewModel.swift in Sources */ = {isa = PBXBuildFile; fileRef = 3D885E042C4CF83600A3BE3A /* EditProfileViewModel.swift */; };
		3D885E072C4CF9B400A3BE3A /* ImageUploader.swift in Sources */ = {isa = PBXBuildFile; fileRef = 3D885E062C4CF9B400A3BE3A /* ImageUploader.swift */; };
		3D885E0A2C4D017700A3BE3A /* Kingfisher in Frameworks */ = {isa = PBXBuildFile; productRef = 3D885E092C4D017700A3BE3A /* Kingfisher */; };
		3DB436952C62A5E200646502 /* UserContentListViewModel.swift in Sources */ = {isa = PBXBuildFile; fileRef = 3DB436942C62A5E200646502 /* UserContentListViewModel.swift */; };
		3DB436972C62A86A00646502 /* Timestamp.swift in Sources */ = {isa = PBXBuildFile; fileRef = 3DB436962C62A86A00646502 /* Timestamp.swift */; };
		3DF5D4CF2C46FA3E00103F4B /* ThreadsApp.swift in Sources */ = {isa = PBXBuildFile; fileRef = 3DF5D4CE2C46FA3E00103F4B /* ThreadsApp.swift */; };
		3DF5D4D12C46FA3E00103F4B /* ContentView.swift in Sources */ = {isa = PBXBuildFile; fileRef = 3DF5D4D02C46FA3E00103F4B /* ContentView.swift */; };
		3DF5D4D32C46FA4000103F4B /* Assets.xcassets in Resources */ = {isa = PBXBuildFile; fileRef = 3DF5D4D22C46FA4000103F4B /* Assets.xcassets */; };
		3DF5D4D62C46FA4000103F4B /* Preview Assets.xcassets in Resources */ = {isa = PBXBuildFile; fileRef = 3DF5D4D52C46FA4000103F4B /* Preview Assets.xcassets */; };
		3DF5D4E62C46FB0E00103F4B /* LoginView.swift in Sources */ = {isa = PBXBuildFile; fileRef = 3DF5D4E52C46FB0E00103F4B /* LoginView.swift */; };
		3DF5D4E82C4700C800103F4B /* RegistrationView.swift in Sources */ = {isa = PBXBuildFile; fileRef = 3DF5D4E72C4700C800103F4B /* RegistrationView.swift */; };
/* End PBXBuildFile section */

/* Begin PBXFileReference section */
		3D312D4F2C5C0E54008F0B8D /* ThreadBO.swift */ = {isa = PBXFileReference; lastKnownFileType = sourcecode.swift; path = ThreadBO.swift; sourceTree = "<group>"; };
		3D312D522C5C0F2A008F0B8D /* CreateThreadViewModel.swift */ = {isa = PBXFileReference; lastKnownFileType = sourcecode.swift; path = CreateThreadViewModel.swift; sourceTree = "<group>"; };
		3D312D542C5C0F46008F0B8D /* ThreadService.swift */ = {isa = PBXFileReference; lastKnownFileType = sourcecode.swift; path = ThreadService.swift; sourceTree = "<group>"; };
		3D312D572C5C1478008F0B8D /* FeedViewModel.swift */ = {isa = PBXFileReference; lastKnownFileType = sourcecode.swift; path = FeedViewModel.swift; sourceTree = "<group>"; };
		3D3BF3F02C4979BF0050BB92 /* ThreadsTextFieldModifier.swift */ = {isa = PBXFileReference; lastKnownFileType = sourcecode.swift; path = ThreadsTextFieldModifier.swift; sourceTree = "<group>"; };
		3D3BF3F32C497B640050BB92 /* ThreadsTabView.swift */ = {isa = PBXFileReference; lastKnownFileType = sourcecode.swift; path = ThreadsTabView.swift; sourceTree = "<group>"; };
		3D3BF3F72C497CE20050BB92 /* FeedView.swift */ = {isa = PBXFileReference; lastKnownFileType = sourcecode.swift; path = FeedView.swift; sourceTree = "<group>"; };
		3D3BF3FB2C497CFD0050BB92 /* ExploreView.swift */ = {isa = PBXFileReference; lastKnownFileType = sourcecode.swift; path = ExploreView.swift; sourceTree = "<group>"; };
		3D3BF4052C497D340050BB92 /* ActivityView.swift */ = {isa = PBXFileReference; lastKnownFileType = sourcecode.swift; path = ActivityView.swift; sourceTree = "<group>"; };
		3D3BF4072C497D410050BB92 /* ProfileView.swift */ = {isa = PBXFileReference; lastKnownFileType = sourcecode.swift; path = ProfileView.swift; sourceTree = "<group>"; };
		3D3BF4092C497D5E0050BB92 /* CreateThreadView.swift */ = {isa = PBXFileReference; lastKnownFileType = sourcecode.swift; path = CreateThreadView.swift; sourceTree = "<group>"; };
		3D3BF40B2C497E8B0050BB92 /* ThreadCell.swift */ = {isa = PBXFileReference; lastKnownFileType = sourcecode.swift; path = ThreadCell.swift; sourceTree = "<group>"; };
		3D3BF40E2C4983B90050BB92 /* CircularProfileImageView.swift */ = {isa = PBXFileReference; lastKnownFileType = sourcecode.swift; path = CircularProfileImageView.swift; sourceTree = "<group>"; };
		3D3BF4102C49842B0050BB92 /* UserCell.swift */ = {isa = PBXFileReference; lastKnownFileType = sourcecode.swift; path = UserCell.swift; sourceTree = "<group>"; };
		3D3BF4132C4989230050BB92 /* ProfileThreadFilter.swift */ = {isa = PBXFileReference; lastKnownFileType = sourcecode.swift; path = ProfileThreadFilter.swift; sourceTree = "<group>"; };
		3D3BF4172C498CDF0050BB92 /* EditProfileView.swift */ = {isa = PBXFileReference; lastKnownFileType = sourcecode.swift; path = EditProfileView.swift; sourceTree = "<group>"; };
		3D4413292C4C2E4500D71E39 /* ContentViewModel.swift */ = {isa = PBXFileReference; lastKnownFileType = sourcecode.swift; path = ContentViewModel.swift; sourceTree = "<group>"; };
		3D44132B2C4C31C200D71E39 /* LoginViewModel.swift */ = {isa = PBXFileReference; lastKnownFileType = sourcecode.swift; path = LoginViewModel.swift; sourceTree = "<group>"; };
		3D44132D2C4C344B00D71E39 /* UserBO.swift */ = {isa = PBXFileReference; lastKnownFileType = sourcecode.swift; path = UserBO.swift; sourceTree = "<group>"; };
		3D44132F2C4C3AD200D71E39 /* UserService.swift */ = {isa = PBXFileReference; lastKnownFileType = sourcecode.swift; path = UserService.swift; sourceTree = "<group>"; };
		3D4413352C4C3FFE00D71E39 /* ExploreViewModel.swift */ = {isa = PBXFileReference; lastKnownFileType = sourcecode.swift; path = ExploreViewModel.swift; sourceTree = "<group>"; };
		3D4413372C4C417100D71E39 /* PreviewProvider.swift */ = {isa = PBXFileReference; lastKnownFileType = sourcecode.swift; path = PreviewProvider.swift; sourceTree = "<group>"; };
		3D44133C2C4C457100D71E39 /* CurrentUserProfileView.swift */ = {isa = PBXFileReference; lastKnownFileType = sourcecode.swift; path = CurrentUserProfileView.swift; sourceTree = "<group>"; };
		3D44133E2C4C45E500D71E39 /* CurrentUserProfileViewModel.swift */ = {isa = PBXFileReference; lastKnownFileType = sourcecode.swift; path = CurrentUserProfileViewModel.swift; sourceTree = "<group>"; };
		3D4413412C4C47A700D71E39 /* ProfileHeaderView.swift */ = {isa = PBXFileReference; lastKnownFileType = sourcecode.swift; path = ProfileHeaderView.swift; sourceTree = "<group>"; };
		3D4413432C4C48D600D71E39 /* UserContentListView.swift */ = {isa = PBXFileReference; lastKnownFileType = sourcecode.swift; path = UserContentListView.swift; sourceTree = "<group>"; };
		3D6512A22C4AD59E00EC40EE /* GoogleService-Info.plist */ = {isa = PBXFileReference; fileEncoding = 4; lastKnownFileType = text.plist.xml; path = "GoogleService-Info.plist"; sourceTree = "<group>"; };
		3D6512AF2C4AD99800EC40EE /* RegistrationViewModel.swift */ = {isa = PBXFileReference; lastKnownFileType = sourcecode.swift; path = RegistrationViewModel.swift; sourceTree = "<group>"; };
		3D6512B12C4ADA2A00EC40EE /* AuthService.swift */ = {isa = PBXFileReference; lastKnownFileType = sourcecode.swift; path = AuthService.swift; sourceTree = "<group>"; };
		3D6572382CDE86D90064A206 /* CreateUserDTO.swift */ = {isa = PBXFileReference; lastKnownFileType = sourcecode.swift; path = CreateUserDTO.swift; sourceTree = "<group>"; };
		3D65723A2CDE87180064A206 /* UpdateUserDTO.swift */ = {isa = PBXFileReference; lastKnownFileType = sourcecode.swift; path = UpdateUserDTO.swift; sourceTree = "<group>"; };
		3D65723C2CDE87560064A206 /* UserDTO.swift */ = {isa = PBXFileReference; lastKnownFileType = sourcecode.swift; path = UserDTO.swift; sourceTree = "<group>"; };
		3D65723F2CDE878A0064A206 /* CreateUserDTO+Dictionary.swift */ = {isa = PBXFileReference; lastKnownFileType = sourcecode.swift; path = "CreateUserDTO+Dictionary.swift"; sourceTree = "<group>"; };
		3D6572412CDE87E70064A206 /* UpdateUserDTO+Dictionary.swift */ = {isa = PBXFileReference; lastKnownFileType = sourcecode.swift; path = "UpdateUserDTO+Dictionary.swift"; sourceTree = "<group>"; };
		3D6572432CDE885F0064A206 /* UserDataSource.swift */ = {isa = PBXFileReference; lastKnownFileType = sourcecode.swift; path = UserDataSource.swift; sourceTree = "<group>"; };
		3D6572452CDE88A00064A206 /* AuthenticationDataSource.swift */ = {isa = PBXFileReference; lastKnownFileType = sourcecode.swift; path = AuthenticationDataSource.swift; sourceTree = "<group>"; };
		3D6572472CDE8C660064A206 /* StorageFilesDataSource.swift */ = {isa = PBXFileReference; lastKnownFileType = sourcecode.swift; path = StorageFilesDataSource.swift; sourceTree = "<group>"; };
		3D6572492CDE8CAF0064A206 /* FirestoreStorageFilesDataSourceImpl.swift */ = {isa = PBXFileReference; lastKnownFileType = sourcecode.swift; path = FirestoreStorageFilesDataSourceImpl.swift; sourceTree = "<group>"; };
		3D65724B2CDE8CF50064A206 /* FirebaseAuthenticationDataSourceImpl.swift */ = {isa = PBXFileReference; lastKnownFileType = sourcecode.swift; path = FirebaseAuthenticationDataSourceImpl.swift; sourceTree = "<group>"; };
		3D65724D2CDE8D150064A206 /* FirestoreUserDataSourceImpl.swift */ = {isa = PBXFileReference; lastKnownFileType = sourcecode.swift; path = FirestoreUserDataSourceImpl.swift; sourceTree = "<group>"; };
		3D65724F2CDE8D7B0064A206 /* Container.swift */ = {isa = PBXFileReference; lastKnownFileType = sourcecode.swift; path = Container.swift; sourceTree = "<group>"; };
		3D6572532CDE8E4A0064A206 /* Mapper.swift */ = {isa = PBXFileReference; lastKnownFileType = sourcecode.swift; path = Mapper.swift; sourceTree = "<group>"; };
		3D6572552CDE8E620064A206 /* UserMapper.swift */ = {isa = PBXFileReference; lastKnownFileType = sourcecode.swift; path = UserMapper.swift; sourceTree = "<group>"; };
		3D65725B2CDE90B70064A206 /* UserProfileRepository.swift */ = {isa = PBXFileReference; lastKnownFileType = sourcecode.swift; path = UserProfileRepository.swift; sourceTree = "<group>"; };
		3D65725D2CDE912E0064A206 /* UserProfileRepositoryImpl.swift */ = {isa = PBXFileReference; lastKnownFileType = sourcecode.swift; path = UserProfileRepositoryImpl.swift; sourceTree = "<group>"; };
		3D65725F2CDE92A70064A206 /* AuthenticationRepository.swift */ = {isa = PBXFileReference; lastKnownFileType = sourcecode.swift; path = AuthenticationRepository.swift; sourceTree = "<group>"; };
		3D6572612CDE92CA0064A206 /* AuthenticationRepositoryImpl.swift */ = {isa = PBXFileReference; lastKnownFileType = sourcecode.swift; path = AuthenticationRepositoryImpl.swift; sourceTree = "<group>"; };
		3D6572632CDE92FA0064A206 /* SignOutUseCase.swift */ = {isa = PBXFileReference; lastKnownFileType = sourcecode.swift; path = SignOutUseCase.swift; sourceTree = "<group>"; };
		3D6572652CDE930E0064A206 /* SignUpUseCase.swift */ = {isa = PBXFileReference; lastKnownFileType = sourcecode.swift; path = SignUpUseCase.swift; sourceTree = "<group>"; };
		3D6572672CDE93D40064A206 /* VerifySessionUseCase.swift */ = {isa = PBXFileReference; lastKnownFileType = sourcecode.swift; path = VerifySessionUseCase.swift; sourceTree = "<group>"; };
		3D6572692CDE94070064A206 /* GetCurrentUserUseCase.swift */ = {isa = PBXFileReference; lastKnownFileType = sourcecode.swift; path = GetCurrentUserUseCase.swift; sourceTree = "<group>"; };
		3D65726B2CDE94490064A206 /* GetSuggestionsUseCase.swift */ = {isa = PBXFileReference; lastKnownFileType = sourcecode.swift; path = GetSuggestionsUseCase.swift; sourceTree = "<group>"; };
		3D65726D2CDE949E0064A206 /* UpdateUserUseCase.swift */ = {isa = PBXFileReference; lastKnownFileType = sourcecode.swift; path = UpdateUserUseCase.swift; sourceTree = "<group>"; };
		3D6572702CDE95310064A206 /* EventBus.swift */ = {isa = PBXFileReference; lastKnownFileType = sourcecode.swift; path = EventBus.swift; sourceTree = "<group>"; };
		3D6572722CDE9B960064A206 /* CreateThreadDTO.swift */ = {isa = PBXFileReference; lastKnownFileType = sourcecode.swift; path = CreateThreadDTO.swift; sourceTree = "<group>"; };
		3D6572742CDE9CD80064A206 /* ThreadDTO.swift */ = {isa = PBXFileReference; lastKnownFileType = sourcecode.swift; path = ThreadDTO.swift; sourceTree = "<group>"; };
		3D6572762CDE9D2C0064A206 /* CreateThreadDTO+Dictionary.swift */ = {isa = PBXFileReference; lastKnownFileType = sourcecode.swift; path = "CreateThreadDTO+Dictionary.swift"; sourceTree = "<group>"; };
		3D65727A2CDE9E0C0064A206 /* ThreadsDataSource.swift */ = {isa = PBXFileReference; lastKnownFileType = sourcecode.swift; path = ThreadsDataSource.swift; sourceTree = "<group>"; };
		3D65727C2CDE9E360064A206 /* FirestoreThreadsDataSourceImpl.swift */ = {isa = PBXFileReference; lastKnownFileType = sourcecode.swift; path = FirestoreThreadsDataSourceImpl.swift; sourceTree = "<group>"; };
		3D885E042C4CF83600A3BE3A /* EditProfileViewModel.swift */ = {isa = PBXFileReference; lastKnownFileType = sourcecode.swift; path = EditProfileViewModel.swift; sourceTree = "<group>"; };
		3D885E062C4CF9B400A3BE3A /* ImageUploader.swift */ = {isa = PBXFileReference; lastKnownFileType = sourcecode.swift; path = ImageUploader.swift; sourceTree = "<group>"; };
		3DB436942C62A5E200646502 /* UserContentListViewModel.swift */ = {isa = PBXFileReference; lastKnownFileType = sourcecode.swift; path = UserContentListViewModel.swift; sourceTree = "<group>"; };
		3DB436962C62A86A00646502 /* Timestamp.swift */ = {isa = PBXFileReference; lastKnownFileType = sourcecode.swift; path = Timestamp.swift; sourceTree = "<group>"; };
		3DF5D4CB2C46FA3E00103F4B /* Threads.app */ = {isa = PBXFileReference; explicitFileType = wrapper.application; includeInIndex = 0; path = Threads.app; sourceTree = BUILT_PRODUCTS_DIR; };
		3DF5D4CE2C46FA3E00103F4B /* ThreadsApp.swift */ = {isa = PBXFileReference; lastKnownFileType = sourcecode.swift; path = ThreadsApp.swift; sourceTree = "<group>"; };
		3DF5D4D02C46FA3E00103F4B /* ContentView.swift */ = {isa = PBXFileReference; lastKnownFileType = sourcecode.swift; path = ContentView.swift; sourceTree = "<group>"; };
		3DF5D4D22C46FA4000103F4B /* Assets.xcassets */ = {isa = PBXFileReference; lastKnownFileType = folder.assetcatalog; path = Assets.xcassets; sourceTree = "<group>"; };
		3DF5D4D52C46FA4000103F4B /* Preview Assets.xcassets */ = {isa = PBXFileReference; lastKnownFileType = folder.assetcatalog; path = "Preview Assets.xcassets"; sourceTree = "<group>"; };
		3DF5D4E52C46FB0E00103F4B /* LoginView.swift */ = {isa = PBXFileReference; lastKnownFileType = sourcecode.swift; path = LoginView.swift; sourceTree = "<group>"; };
		3DF5D4E72C4700C800103F4B /* RegistrationView.swift */ = {isa = PBXFileReference; lastKnownFileType = sourcecode.swift; path = RegistrationView.swift; sourceTree = "<group>"; };
/* End PBXFileReference section */

/* Begin PBXFrameworksBuildPhase section */
		3DF5D4C82C46FA3E00103F4B /* Frameworks */ = {
			isa = PBXFrameworksBuildPhase;
			buildActionMask = 2147483647;
			files = (
				3D6512A62C4AD63100EC40EE /* FirebaseAuth in Frameworks */,
				3D6512AC2C4AD63100EC40EE /* FirebaseStorage in Frameworks */,
				3D6512A82C4AD63100EC40EE /* FirebaseFirestore in Frameworks */,
				3D7F54D42CDD5A7600D1CF50 /* Factory in Frameworks */,
				3D6512AA2C4AD63100EC40EE /* FirebaseFirestoreSwift in Frameworks */,
				3D885E0A2C4D017700A3BE3A /* Kingfisher in Frameworks */,
			);
			runOnlyForDeploymentPostprocessing = 0;
		};
/* End PBXFrameworksBuildPhase section */

/* Begin PBXGroup section */
		3D312D512C5C0F13008F0B8D /* ViewModel */ = {
			isa = PBXGroup;
			children = (
				3D312D522C5C0F2A008F0B8D /* CreateThreadViewModel.swift */,
			);
			path = ViewModel;
			sourceTree = "<group>";
		};
		3D312D562C5C1468008F0B8D /* ViewModel */ = {
			isa = PBXGroup;
			children = (
				3D312D572C5C1478008F0B8D /* FeedViewModel.swift */,
			);
			path = ViewModel;
			sourceTree = "<group>";
		};
		3D3BF3EF2C4979A60050BB92 /* ViewModifiers */ = {
			isa = PBXGroup;
			children = (
				3D3BF3F02C4979BF0050BB92 /* ThreadsTextFieldModifier.swift */,
			);
			path = ViewModifiers;
			sourceTree = "<group>";
		};
		3D3BF3F22C497B430050BB92 /* TabBar */ = {
			isa = PBXGroup;
			children = (
				3D3BF3F32C497B640050BB92 /* ThreadsTabView.swift */,
			);
			path = TabBar;
			sourceTree = "<group>";
		};
		3D3BF3F52C497CC00050BB92 /* Feed */ = {
			isa = PBXGroup;
			children = (
				3D312D562C5C1468008F0B8D /* ViewModel */,
				3D3BF3F62C497CC60050BB92 /* View */,
			);
			path = Feed;
			sourceTree = "<group>";
		};
		3D3BF3F62C497CC60050BB92 /* View */ = {
			isa = PBXGroup;
			children = (
				3D3BF3F72C497CE20050BB92 /* FeedView.swift */,
			);
			path = View;
			sourceTree = "<group>";
		};
		3D3BF3F92C497CE90050BB92 /* Explore */ = {
			isa = PBXGroup;
			children = (
				3D4413342C4C3FEC00D71E39 /* ViewModel */,
				3D3BF3FA2C497CF00050BB92 /* View */,
			);
			path = Explore;
			sourceTree = "<group>";
		};
		3D3BF3FA2C497CF00050BB92 /* View */ = {
			isa = PBXGroup;
			children = (
				3D3BF3FB2C497CFD0050BB92 /* ExploreView.swift */,
			);
			path = View;
			sourceTree = "<group>";
		};
		3D3BF3FD2C497D000050BB92 /* ThreadCreation */ = {
			isa = PBXGroup;
			children = (
				3D312D512C5C0F13008F0B8D /* ViewModel */,
				3D3BF3FE2C497D070050BB92 /* View */,
			);
			path = ThreadCreation;
			sourceTree = "<group>";
		};
		3D3BF3FE2C497D070050BB92 /* View */ = {
			isa = PBXGroup;
			children = (
				3D3BF4092C497D5E0050BB92 /* CreateThreadView.swift */,
			);
			path = View;
			sourceTree = "<group>";
		};
		3D3BF4012C497D1D0050BB92 /* Activity */ = {
			isa = PBXGroup;
			children = (
				3D3BF4042C497D2B0050BB92 /* View */,
			);
			path = Activity;
			sourceTree = "<group>";
		};
		3D3BF4022C497D220050BB92 /* Profile */ = {
			isa = PBXGroup;
			children = (
				3D4413452C4C4B7400D71E39 /* UserProfile */,
				3D4413402C4C479700D71E39 /* Components */,
				3D4413392C4C455700D71E39 /* CurrentUserProfile */,
				3D3BF4152C498CC60050BB92 /* EditProfile */,
				3D3BF4122C4989130050BB92 /* Model */,
			);
			path = Profile;
			sourceTree = "<group>";
		};
		3D3BF4042C497D2B0050BB92 /* View */ = {
			isa = PBXGroup;
			children = (
				3D3BF4052C497D340050BB92 /* ActivityView.swift */,
			);
			path = View;
			sourceTree = "<group>";
		};
		3D3BF40D2C4983A20050BB92 /* Components */ = {
			isa = PBXGroup;
			children = (
				3D3BF40B2C497E8B0050BB92 /* ThreadCell.swift */,
				3D3BF40E2C4983B90050BB92 /* CircularProfileImageView.swift */,
				3D3BF4102C49842B0050BB92 /* UserCell.swift */,
			);
			path = Components;
			sourceTree = "<group>";
		};
		3D3BF4122C4989130050BB92 /* Model */ = {
			isa = PBXGroup;
			children = (
				3D3BF4132C4989230050BB92 /* ProfileThreadFilter.swift */,
			);
			path = Model;
			sourceTree = "<group>";
		};
		3D3BF4152C498CC60050BB92 /* EditProfile */ = {
			isa = PBXGroup;
			children = (
				3D885E032C4CF7FE00A3BE3A /* ViewModel */,
				3D3BF4162C498CCF0050BB92 /* View */,
			);
			path = EditProfile;
			sourceTree = "<group>";
		};
		3D3BF4162C498CCF0050BB92 /* View */ = {
			isa = PBXGroup;
			children = (
				3D3BF4172C498CDF0050BB92 /* EditProfileView.swift */,
			);
			path = View;
			sourceTree = "<group>";
		};
		3D4413272C4C2E2900D71E39 /* View */ = {
			isa = PBXGroup;
			children = (
				3DF5D4D02C46FA3E00103F4B /* ContentView.swift */,
			);
			path = View;
			sourceTree = "<group>";
		};
		3D4413282C4C2E3000D71E39 /* ViewModel */ = {
			isa = PBXGroup;
			children = (
				3D4413292C4C2E4500D71E39 /* ContentViewModel.swift */,
			);
			path = ViewModel;
			sourceTree = "<group>";
		};
		3D4413342C4C3FEC00D71E39 /* ViewModel */ = {
			isa = PBXGroup;
			children = (
				3D4413352C4C3FFE00D71E39 /* ExploreViewModel.swift */,
			);
			path = ViewModel;
			sourceTree = "<group>";
		};
		3D4413392C4C455700D71E39 /* CurrentUserProfile */ = {
			isa = PBXGroup;
			children = (
				3D44133B2C4C456500D71E39 /* ViewModel */,
				3D44133A2C4C456100D71E39 /* View */,
			);
			path = CurrentUserProfile;
			sourceTree = "<group>";
		};
		3D44133A2C4C456100D71E39 /* View */ = {
			isa = PBXGroup;
			children = (
				3D44133C2C4C457100D71E39 /* CurrentUserProfileView.swift */,
			);
			path = View;
			sourceTree = "<group>";
		};
		3D44133B2C4C456500D71E39 /* ViewModel */ = {
			isa = PBXGroup;
			children = (
				3D44133E2C4C45E500D71E39 /* CurrentUserProfileViewModel.swift */,
			);
			path = ViewModel;
			sourceTree = "<group>";
		};
		3D4413402C4C479700D71E39 /* Components */ = {
			isa = PBXGroup;
			children = (
				3DB436932C62A5CB00646502 /* ViewModel */,
				3DB436922C62A5C300646502 /* View */,
			);
			path = Components;
			sourceTree = "<group>";
		};
		3D4413452C4C4B7400D71E39 /* UserProfile */ = {
			isa = PBXGroup;
			children = (
				3D3BF4072C497D410050BB92 /* ProfileView.swift */,
			);
			path = UserProfile;
			sourceTree = "<group>";
		};
		3D6512AD2C4AD97C00EC40EE /* Service */ = {
			isa = PBXGroup;
			children = (
				3D6512B12C4ADA2A00EC40EE /* AuthService.swift */,
			);
			path = Service;
			sourceTree = "<group>";
		};
		3D6512AE2C4AD98300EC40EE /* ViewModel */ = {
			isa = PBXGroup;
			children = (
				3D6512AF2C4AD99800EC40EE /* RegistrationViewModel.swift */,
				3D44132B2C4C31C200D71E39 /* LoginViewModel.swift */,
			);
			path = ViewModel;
			sourceTree = "<group>";
		};
		3D65723E2CDE87770064A206 /* Extensions */ = {
			isa = PBXGroup;
			children = (
				3D65723F2CDE878A0064A206 /* CreateUserDTO+Dictionary.swift */,
				3D6572412CDE87E70064A206 /* UpdateUserDTO+Dictionary.swift */,
				3D6572762CDE9D2C0064A206 /* CreateThreadDTO+Dictionary.swift */,
			);
			path = Extensions;
			sourceTree = "<group>";
		};
		3D65726F2CDE95240064A206 /* Core */ = {
			isa = PBXGroup;
			children = (
				3D6572702CDE95310064A206 /* EventBus.swift */,
			);
			path = Core;
			sourceTree = "<group>";
		};
		3D7F54C42CDD591900D1CF50 /* DI */ = {
			isa = PBXGroup;
			children = (
				3D65724F2CDE8D7B0064A206 /* Container.swift */,
			);
			path = DI;
			sourceTree = "<group>";
		};
		3D7F54C52CDD592300D1CF50 /* DataSources */ = {
			isa = PBXGroup;
			children = (
				3D65723E2CDE87770064A206 /* Extensions */,
				3D7F54C72CDD593A00D1CF50 /* Impl */,
				3D7F54C62CDD592F00D1CF50 /* DTO */,
				3D6572432CDE885F0064A206 /* UserDataSource.swift */,
				3D6572452CDE88A00064A206 /* AuthenticationDataSource.swift */,
				3D6572472CDE8C660064A206 /* StorageFilesDataSource.swift */,
				3D65727A2CDE9E0C0064A206 /* ThreadsDataSource.swift */,
			);
			path = DataSources;
			sourceTree = "<group>";
		};
		3D7F54C62CDD592F00D1CF50 /* DTO */ = {
			isa = PBXGroup;
			children = (
				3D6572382CDE86D90064A206 /* CreateUserDTO.swift */,
				3D65723A2CDE87180064A206 /* UpdateUserDTO.swift */,
				3D65723C2CDE87560064A206 /* UserDTO.swift */,
				3D6572722CDE9B960064A206 /* CreateThreadDTO.swift */,
				3D6572742CDE9CD80064A206 /* ThreadDTO.swift */,
			);
			path = DTO;
			sourceTree = "<group>";
		};
		3D7F54C72CDD593A00D1CF50 /* Impl */ = {
			isa = PBXGroup;
			children = (
				3D6572492CDE8CAF0064A206 /* FirestoreStorageFilesDataSourceImpl.swift */,
				3D65724B2CDE8CF50064A206 /* FirebaseAuthenticationDataSourceImpl.swift */,
				3D65724D2CDE8D150064A206 /* FirestoreUserDataSourceImpl.swift */,
				3D65727C2CDE9E360064A206 /* FirestoreThreadsDataSourceImpl.swift */,
			);
			path = Impl;
			sourceTree = "<group>";
		};
		3D7F54CA2CDD596C00D1CF50 /* Mapper */ = {
			isa = PBXGroup;
			children = (
				3D7F54CB2CDD597500D1CF50 /* Impl */,
				3D6572532CDE8E4A0064A206 /* Mapper.swift */,
			);
			path = Mapper;
			sourceTree = "<group>";
		};
		3D7F54CB2CDD597500D1CF50 /* Impl */ = {
			isa = PBXGroup;
			children = (
				3D6572552CDE8E620064A206 /* UserMapper.swift */,
			);
			path = Impl;
			sourceTree = "<group>";
		};
		3D7F54CC2CDD598600D1CF50 /* Repositories */ = {
			isa = PBXGroup;
			children = (
				3D7F54CD2CDD598F00D1CF50 /* Impl */,
				3D65725B2CDE90B70064A206 /* UserProfileRepository.swift */,
				3D65725F2CDE92A70064A206 /* AuthenticationRepository.swift */,
			);
			path = Repositories;
			sourceTree = "<group>";
		};
		3D7F54CD2CDD598F00D1CF50 /* Impl */ = {
			isa = PBXGroup;
			children = (
				3D65725D2CDE912E0064A206 /* UserProfileRepositoryImpl.swift */,
				3D6572612CDE92CA0064A206 /* AuthenticationRepositoryImpl.swift */,
			);
			path = Impl;
			sourceTree = "<group>";
		};
		3D7F54CE2CDD599600D1CF50 /* UseCases */ = {
			isa = PBXGroup;
			children = (
				3D6572632CDE92FA0064A206 /* SignOutUseCase.swift */,
				3D6572652CDE930E0064A206 /* SignUpUseCase.swift */,
				3D6572672CDE93D40064A206 /* VerifySessionUseCase.swift */,
				3D6572692CDE94070064A206 /* GetCurrentUserUseCase.swift */,
				3D65726B2CDE94490064A206 /* GetSuggestionsUseCase.swift */,
				3D65726D2CDE949E0064A206 /* UpdateUserUseCase.swift */,
			);
			path = UseCases;
			sourceTree = "<group>";
		};
		3D7F54CF2CDD59A500D1CF50 /* View */ = {
			isa = PBXGroup;
			children = (
				3D7F54D02CDD59AB00D1CF50 /* Components */,
			);
			path = View;
			sourceTree = "<group>";
		};
		3D7F54D02CDD59AB00D1CF50 /* Components */ = {
			isa = PBXGroup;
			children = (
			);
			path = Components;
			sourceTree = "<group>";
		};
		3D7F54D12CDD59BA00D1CF50 /* ViewModel */ = {
			isa = PBXGroup;
			children = (
				3D65726F2CDE95240064A206 /* Core */,
			);
			path = ViewModel;
			sourceTree = "<group>";
		};
		3D885E032C4CF7FE00A3BE3A /* ViewModel */ = {
			isa = PBXGroup;
			children = (
				3D885E042C4CF83600A3BE3A /* EditProfileViewModel.swift */,
			);
			path = ViewModel;
			sourceTree = "<group>";
		};
		3DB436922C62A5C300646502 /* View */ = {
			isa = PBXGroup;
			children = (
				3D4413412C4C47A700D71E39 /* ProfileHeaderView.swift */,
				3D4413432C4C48D600D71E39 /* UserContentListView.swift */,
			);
			path = View;
			sourceTree = "<group>";
		};
		3DB436932C62A5CB00646502 /* ViewModel */ = {
			isa = PBXGroup;
			children = (
				3DB436942C62A5E200646502 /* UserContentListViewModel.swift */,
			);
			path = ViewModel;
			sourceTree = "<group>";
		};
		3DF5D4C22C46FA3E00103F4B = {
			isa = PBXGroup;
			children = (
				3DF5D4CD2C46FA3E00103F4B /* Threads */,
				3DF5D4CC2C46FA3E00103F4B /* Products */,
			);
			sourceTree = "<group>";
		};
		3DF5D4CC2C46FA3E00103F4B /* Products */ = {
			isa = PBXGroup;
			children = (
				3DF5D4CB2C46FA3E00103F4B /* Threads.app */,
			);
			name = Products;
			sourceTree = "<group>";
		};
		3DF5D4CD2C46FA3E00103F4B /* Threads */ = {
			isa = PBXGroup;
			children = (
				3D7F54C42CDD591900D1CF50 /* DI */,
				3D7F54C52CDD592300D1CF50 /* DataSources */,
				3D7F54CA2CDD596C00D1CF50 /* Mapper */,
				3D7F54CC2CDD598600D1CF50 /* Repositories */,
				3D7F54CE2CDD599600D1CF50 /* UseCases */,
				3D7F54D12CDD59BA00D1CF50 /* ViewModel */,
				3D7F54CF2CDD59A500D1CF50 /* View */,
				3DF5D4DC2C46FA9300103F4B /* App */,
				3DF5D4E12C46FAC500103F4B /* Utils */,
				3DF5D4E02C46FABF00103F4B /* Services */,
				3DF5D4DF2C46FAA800103F4B /* Model */,
				3DF5D4DE2C46FAA000103F4B /* Extensions */,
				3DF5D4DD2C46FA9A00103F4B /* Core */,
				3DF5D4D22C46FA4000103F4B /* Assets.xcassets */,
				3D6512A22C4AD59E00EC40EE /* GoogleService-Info.plist */,
				3DF5D4D42C46FA4000103F4B /* Preview Content */,
			);
			path = Threads;
			sourceTree = "<group>";
		};
		3DF5D4D42C46FA4000103F4B /* Preview Content */ = {
			isa = PBXGroup;
			children = (
				3DF5D4D52C46FA4000103F4B /* Preview Assets.xcassets */,
			);
			path = "Preview Content";
			sourceTree = "<group>";
		};
		3DF5D4DC2C46FA9300103F4B /* App */ = {
			isa = PBXGroup;
			children = (
				3DF5D4CE2C46FA3E00103F4B /* ThreadsApp.swift */,
			);
			path = App;
			sourceTree = "<group>";
		};
		3DF5D4DD2C46FA9A00103F4B /* Core */ = {
			isa = PBXGroup;
			children = (
				3D3BF40D2C4983A20050BB92 /* Components */,
				3D3BF4022C497D220050BB92 /* Profile */,
				3D3BF4012C497D1D0050BB92 /* Activity */,
				3D3BF3FD2C497D000050BB92 /* ThreadCreation */,
				3D3BF3F92C497CE90050BB92 /* Explore */,
				3D3BF3F52C497CC00050BB92 /* Feed */,
				3DF5D4E22C46FADA00103F4B /* Authentication */,
				3DF5D4E32C46FAEA00103F4B /* Root */,
				3D3BF3F22C497B430050BB92 /* TabBar */,
			);
			path = Core;
			sourceTree = "<group>";
		};
		3DF5D4DE2C46FAA000103F4B /* Extensions */ = {
			isa = PBXGroup;
			children = (
				3D4413372C4C417100D71E39 /* PreviewProvider.swift */,
				3DB436962C62A86A00646502 /* Timestamp.swift */,
			);
			path = Extensions;
			sourceTree = "<group>";
		};
		3DF5D4DF2C46FAA800103F4B /* Model */ = {
			isa = PBXGroup;
			children = (
				3D44132D2C4C344B00D71E39 /* UserBO.swift */,
				3D312D4F2C5C0E54008F0B8D /* ThreadBO.swift */,
			);
			path = Model;
			sourceTree = "<group>";
		};
		3DF5D4E02C46FABF00103F4B /* Services */ = {
			isa = PBXGroup;
			children = (
				3D44132F2C4C3AD200D71E39 /* UserService.swift */,
				3D885E062C4CF9B400A3BE3A /* ImageUploader.swift */,
				3D312D542C5C0F46008F0B8D /* ThreadService.swift */,
			);
			path = Services;
			sourceTree = "<group>";
		};
		3DF5D4E12C46FAC500103F4B /* Utils */ = {
			isa = PBXGroup;
			children = (
				3D3BF3EF2C4979A60050BB92 /* ViewModifiers */,
			);
			path = Utils;
			sourceTree = "<group>";
		};
		3DF5D4E22C46FADA00103F4B /* Authentication */ = {
			isa = PBXGroup;
			children = (
				3D6512AE2C4AD98300EC40EE /* ViewModel */,
				3D6512AD2C4AD97C00EC40EE /* Service */,
				3DF5D4E42C46FAF700103F4B /* Views */,
			);
			path = Authentication;
			sourceTree = "<group>";
		};
		3DF5D4E32C46FAEA00103F4B /* Root */ = {
			isa = PBXGroup;
			children = (
				3D4413282C4C2E3000D71E39 /* ViewModel */,
				3D4413272C4C2E2900D71E39 /* View */,
			);
			path = Root;
			sourceTree = "<group>";
		};
		3DF5D4E42C46FAF700103F4B /* Views */ = {
			isa = PBXGroup;
			children = (
				3DF5D4E52C46FB0E00103F4B /* LoginView.swift */,
				3DF5D4E72C4700C800103F4B /* RegistrationView.swift */,
			);
			path = Views;
			sourceTree = "<group>";
		};
/* End PBXGroup section */

/* Begin PBXNativeTarget section */
		3DF5D4CA2C46FA3E00103F4B /* Threads */ = {
			isa = PBXNativeTarget;
			buildConfigurationList = 3DF5D4D92C46FA4000103F4B /* Build configuration list for PBXNativeTarget "Threads" */;
			buildPhases = (
				3DF5D4C72C46FA3E00103F4B /* Sources */,
				3DF5D4C82C46FA3E00103F4B /* Frameworks */,
				3DF5D4C92C46FA3E00103F4B /* Resources */,
			);
			buildRules = (
			);
			dependencies = (
			);
			name = Threads;
			packageProductDependencies = (
				3D6512A52C4AD63100EC40EE /* FirebaseAuth */,
				3D6512A72C4AD63100EC40EE /* FirebaseFirestore */,
				3D6512A92C4AD63100EC40EE /* FirebaseFirestoreSwift */,
				3D6512AB2C4AD63100EC40EE /* FirebaseStorage */,
				3D885E092C4D017700A3BE3A /* Kingfisher */,
				3D7F54D32CDD5A7600D1CF50 /* Factory */,
			);
			productName = Threads;
			productReference = 3DF5D4CB2C46FA3E00103F4B /* Threads.app */;
			productType = "com.apple.product-type.application";
		};
/* End PBXNativeTarget section */

/* Begin PBXProject section */
		3DF5D4C32C46FA3E00103F4B /* Project object */ = {
			isa = PBXProject;
			attributes = {
				BuildIndependentTargetsInParallel = 1;
				LastSwiftUpdateCheck = 1430;
				LastUpgradeCheck = 1430;
				TargetAttributes = {
					3DF5D4CA2C46FA3E00103F4B = {
						CreatedOnToolsVersion = 14.3.1;
					};
				};
			};
			buildConfigurationList = 3DF5D4C62C46FA3E00103F4B /* Build configuration list for PBXProject "Threads" */;
			compatibilityVersion = "Xcode 14.0";
			developmentRegion = en;
			hasScannedForEncodings = 0;
			knownRegions = (
				en,
				Base,
			);
			mainGroup = 3DF5D4C22C46FA3E00103F4B;
			packageReferences = (
				3D6512A42C4AD63100EC40EE /* XCRemoteSwiftPackageReference "firebase-ios-sdk" */,
				3D885E082C4D017700A3BE3A /* XCRemoteSwiftPackageReference "Kingfisher" */,
				3D7F54D22CDD5A7600D1CF50 /* XCRemoteSwiftPackageReference "Factory" */,
			);
			productRefGroup = 3DF5D4CC2C46FA3E00103F4B /* Products */;
			projectDirPath = "";
			projectRoot = "";
			targets = (
				3DF5D4CA2C46FA3E00103F4B /* Threads */,
			);
		};
/* End PBXProject section */

/* Begin PBXResourcesBuildPhase section */
		3DF5D4C92C46FA3E00103F4B /* Resources */ = {
			isa = PBXResourcesBuildPhase;
			buildActionMask = 2147483647;
			files = (
				3DF5D4D62C46FA4000103F4B /* Preview Assets.xcassets in Resources */,
				3DF5D4D32C46FA4000103F4B /* Assets.xcassets in Resources */,
				3D6512A32C4AD59E00EC40EE /* GoogleService-Info.plist in Resources */,
			);
			runOnlyForDeploymentPostprocessing = 0;
		};
/* End PBXResourcesBuildPhase section */

/* Begin PBXSourcesBuildPhase section */
		3DF5D4C72C46FA3E00103F4B /* Sources */ = {
			isa = PBXSourcesBuildPhase;
			buildActionMask = 2147483647;
			files = (
				3D44133D2C4C457100D71E39 /* CurrentUserProfileView.swift in Sources */,
				3D65724C2CDE8CF50064A206 /* FirebaseAuthenticationDataSourceImpl.swift in Sources */,
				3D312D502C5C0E54008F0B8D /* ThreadBO.swift in Sources */,
				3D3BF40A2C497D5E0050BB92 /* CreateThreadView.swift in Sources */,
				3D6572542CDE8E4A0064A206 /* Mapper.swift in Sources */,
				3D6512B02C4AD99800EC40EE /* RegistrationViewModel.swift in Sources */,
				3D3BF3F82C497CE20050BB92 /* FeedView.swift in Sources */,
				3D6572682CDE93D40064A206 /* VerifySessionUseCase.swift in Sources */,
				3D6512B22C4ADA2A00EC40EE /* AuthService.swift in Sources */,
				3D6572392CDE86D90064A206 /* CreateUserDTO.swift in Sources */,
				3D65724A2CDE8CAF0064A206 /* FirestoreStorageFilesDataSourceImpl.swift in Sources */,
				3DB436972C62A86A00646502 /* Timestamp.swift in Sources */,
				3D65724E2CDE8D150064A206 /* FirestoreUserDataSourceImpl.swift in Sources */,
				3D885E052C4CF83600A3BE3A /* EditProfileViewModel.swift in Sources */,
				3D4413382C4C417100D71E39 /* PreviewProvider.swift in Sources */,
				3D6572752CDE9CD80064A206 /* ThreadDTO.swift in Sources */,
				3D6572502CDE8D7C0064A206 /* Container.swift in Sources */,
				3D3BF4182C498CDF0050BB92 /* EditProfileView.swift in Sources */,
				3D6572442CDE885F0064A206 /* UserDataSource.swift in Sources */,
				3D65723B2CDE87180064A206 /* UpdateUserDTO.swift in Sources */,
				3DF5D4E62C46FB0E00103F4B /* LoginView.swift in Sources */,
				3D4413302C4C3AD200D71E39 /* UserService.swift in Sources */,
				3D6572712CDE95310064A206 /* EventBus.swift in Sources */,
				3D3BF40C2C497E8B0050BB92 /* ThreadCell.swift in Sources */,
				3D6572732CDE9B960064A206 /* CreateThreadDTO.swift in Sources */,
				3DF5D4D12C46FA3E00103F4B /* ContentView.swift in Sources */,
				3D4413422C4C47A700D71E39 /* ProfileHeaderView.swift in Sources */,
				3D65727B2CDE9E0D0064A206 /* ThreadsDataSource.swift in Sources */,
				3DB436952C62A5E200646502 /* UserContentListViewModel.swift in Sources */,
				3D65725C2CDE90B70064A206 /* UserProfileRepository.swift in Sources */,
				3D65723D2CDE87560064A206 /* UserDTO.swift in Sources */,
				3D6572772CDE9D2C0064A206 /* CreateThreadDTO+Dictionary.swift in Sources */,
				3D312D532C5C0F2A008F0B8D /* CreateThreadViewModel.swift in Sources */,
				3D6572622CDE92CA0064A206 /* AuthenticationRepositoryImpl.swift in Sources */,
				3D6572402CDE878A0064A206 /* CreateUserDTO+Dictionary.swift in Sources */,
				3D6572482CDE8C660064A206 /* StorageFilesDataSource.swift in Sources */,
				3D6572462CDE88A00064A206 /* AuthenticationDataSource.swift in Sources */,
				3D6572562CDE8E620064A206 /* UserMapper.swift in Sources */,
				3D65727D2CDE9E360064A206 /* FirestoreThreadsDataSourceImpl.swift in Sources */,
				3D44132C2C4C31C200D71E39 /* LoginViewModel.swift in Sources */,
				3D3BF40F2C4983B90050BB92 /* CircularProfileImageView.swift in Sources */,
				3D65726A2CDE94070064A206 /* GetCurrentUserUseCase.swift in Sources */,
				3D65725E2CDE912E0064A206 /* UserProfileRepositoryImpl.swift in Sources */,
				3D3BF4112C49842B0050BB92 /* UserCell.swift in Sources */,
				3D312D582C5C1478008F0B8D /* FeedViewModel.swift in Sources */,
				3D6572642CDE92FA0064A206 /* SignOutUseCase.swift in Sources */,
				3D4413362C4C3FFE00D71E39 /* ExploreViewModel.swift in Sources */,
				3D885E072C4CF9B400A3BE3A /* ImageUploader.swift in Sources */,
				3D44133F2C4C45E500D71E39 /* CurrentUserProfileViewModel.swift in Sources */,
				3D65726E2CDE949E0064A206 /* UpdateUserUseCase.swift in Sources */,
				3D6572602CDE92A70064A206 /* AuthenticationRepository.swift in Sources */,
				3D4413442C4C48D600D71E39 /* UserContentListView.swift in Sources */,
				3D6572662CDE930E0064A206 /* SignUpUseCase.swift in Sources */,
				3D3BF4062C497D340050BB92 /* ActivityView.swift in Sources */,
				3D3BF4142C4989230050BB92 /* ProfileThreadFilter.swift in Sources */,
				3D44132A2C4C2E4500D71E39 /* ContentViewModel.swift in Sources */,
				3D3BF3F42C497B640050BB92 /* ThreadsTabView.swift in Sources */,
				3D65726C2CDE94490064A206 /* GetSuggestionsUseCase.swift in Sources */,
				3D6572422CDE87E70064A206 /* UpdateUserDTO+Dictionary.swift in Sources */,
				3D3BF3F12C4979BF0050BB92 /* ThreadsTextFieldModifier.swift in Sources */,
				3DF5D4CF2C46FA3E00103F4B /* ThreadsApp.swift in Sources */,
				3D3BF3FC2C497CFD0050BB92 /* ExploreView.swift in Sources */,
				3D3BF4082C497D410050BB92 /* ProfileView.swift in Sources */,
				3DF5D4E82C4700C800103F4B /* RegistrationView.swift in Sources */,
				3D44132E2C4C344B00D71E39 /* UserBO.swift in Sources */,
				3D312D552C5C0F46008F0B8D /* ThreadService.swift in Sources */,
			);
			runOnlyForDeploymentPostprocessing = 0;
		};
/* End PBXSourcesBuildPhase section */

/* Begin XCBuildConfiguration section */
		3DF5D4D72C46FA4000103F4B /* Debug */ = {
			isa = XCBuildConfiguration;
			buildSettings = {
				ALWAYS_SEARCH_USER_PATHS = NO;
				CLANG_ANALYZER_NONNULL = YES;
				CLANG_ANALYZER_NUMBER_OBJECT_CONVERSION = YES_AGGRESSIVE;
				CLANG_CXX_LANGUAGE_STANDARD = "gnu++20";
				CLANG_ENABLE_MODULES = YES;
				CLANG_ENABLE_OBJC_ARC = YES;
				CLANG_ENABLE_OBJC_WEAK = YES;
				CLANG_WARN_BLOCK_CAPTURE_AUTORELEASING = YES;
				CLANG_WARN_BOOL_CONVERSION = YES;
				CLANG_WARN_COMMA = YES;
				CLANG_WARN_CONSTANT_CONVERSION = YES;
				CLANG_WARN_DEPRECATED_OBJC_IMPLEMENTATIONS = YES;
				CLANG_WARN_DIRECT_OBJC_ISA_USAGE = YES_ERROR;
				CLANG_WARN_DOCUMENTATION_COMMENTS = YES;
				CLANG_WARN_EMPTY_BODY = YES;
				CLANG_WARN_ENUM_CONVERSION = YES;
				CLANG_WARN_INFINITE_RECURSION = YES;
				CLANG_WARN_INT_CONVERSION = YES;
				CLANG_WARN_NON_LITERAL_NULL_CONVERSION = YES;
				CLANG_WARN_OBJC_IMPLICIT_RETAIN_SELF = YES;
				CLANG_WARN_OBJC_LITERAL_CONVERSION = YES;
				CLANG_WARN_OBJC_ROOT_CLASS = YES_ERROR;
				CLANG_WARN_QUOTED_INCLUDE_IN_FRAMEWORK_HEADER = YES;
				CLANG_WARN_RANGE_LOOP_ANALYSIS = YES;
				CLANG_WARN_STRICT_PROTOTYPES = YES;
				CLANG_WARN_SUSPICIOUS_MOVE = YES;
				CLANG_WARN_UNGUARDED_AVAILABILITY = YES_AGGRESSIVE;
				CLANG_WARN_UNREACHABLE_CODE = YES;
				CLANG_WARN__DUPLICATE_METHOD_MATCH = YES;
				COPY_PHASE_STRIP = NO;
				DEBUG_INFORMATION_FORMAT = dwarf;
				ENABLE_STRICT_OBJC_MSGSEND = YES;
				ENABLE_TESTABILITY = YES;
				GCC_C_LANGUAGE_STANDARD = gnu11;
				GCC_DYNAMIC_NO_PIC = NO;
				GCC_NO_COMMON_BLOCKS = YES;
				GCC_OPTIMIZATION_LEVEL = 0;
				GCC_PREPROCESSOR_DEFINITIONS = (
					"DEBUG=1",
					"$(inherited)",
				);
				GCC_WARN_64_TO_32_BIT_CONVERSION = YES;
				GCC_WARN_ABOUT_RETURN_TYPE = YES_ERROR;
				GCC_WARN_UNDECLARED_SELECTOR = YES;
				GCC_WARN_UNINITIALIZED_AUTOS = YES_AGGRESSIVE;
				GCC_WARN_UNUSED_FUNCTION = YES;
				GCC_WARN_UNUSED_VARIABLE = YES;
				IPHONEOS_DEPLOYMENT_TARGET = 16.4;
				MTL_ENABLE_DEBUG_INFO = INCLUDE_SOURCE;
				MTL_FAST_MATH = YES;
				ONLY_ACTIVE_ARCH = YES;
				SDKROOT = iphoneos;
				SWIFT_ACTIVE_COMPILATION_CONDITIONS = DEBUG;
				SWIFT_OPTIMIZATION_LEVEL = "-Onone";
			};
			name = Debug;
		};
		3DF5D4D82C46FA4000103F4B /* Release */ = {
			isa = XCBuildConfiguration;
			buildSettings = {
				ALWAYS_SEARCH_USER_PATHS = NO;
				CLANG_ANALYZER_NONNULL = YES;
				CLANG_ANALYZER_NUMBER_OBJECT_CONVERSION = YES_AGGRESSIVE;
				CLANG_CXX_LANGUAGE_STANDARD = "gnu++20";
				CLANG_ENABLE_MODULES = YES;
				CLANG_ENABLE_OBJC_ARC = YES;
				CLANG_ENABLE_OBJC_WEAK = YES;
				CLANG_WARN_BLOCK_CAPTURE_AUTORELEASING = YES;
				CLANG_WARN_BOOL_CONVERSION = YES;
				CLANG_WARN_COMMA = YES;
				CLANG_WARN_CONSTANT_CONVERSION = YES;
				CLANG_WARN_DEPRECATED_OBJC_IMPLEMENTATIONS = YES;
				CLANG_WARN_DIRECT_OBJC_ISA_USAGE = YES_ERROR;
				CLANG_WARN_DOCUMENTATION_COMMENTS = YES;
				CLANG_WARN_EMPTY_BODY = YES;
				CLANG_WARN_ENUM_CONVERSION = YES;
				CLANG_WARN_INFINITE_RECURSION = YES;
				CLANG_WARN_INT_CONVERSION = YES;
				CLANG_WARN_NON_LITERAL_NULL_CONVERSION = YES;
				CLANG_WARN_OBJC_IMPLICIT_RETAIN_SELF = YES;
				CLANG_WARN_OBJC_LITERAL_CONVERSION = YES;
				CLANG_WARN_OBJC_ROOT_CLASS = YES_ERROR;
				CLANG_WARN_QUOTED_INCLUDE_IN_FRAMEWORK_HEADER = YES;
				CLANG_WARN_RANGE_LOOP_ANALYSIS = YES;
				CLANG_WARN_STRICT_PROTOTYPES = YES;
				CLANG_WARN_SUSPICIOUS_MOVE = YES;
				CLANG_WARN_UNGUARDED_AVAILABILITY = YES_AGGRESSIVE;
				CLANG_WARN_UNREACHABLE_CODE = YES;
				CLANG_WARN__DUPLICATE_METHOD_MATCH = YES;
				COPY_PHASE_STRIP = NO;
				DEBUG_INFORMATION_FORMAT = "dwarf-with-dsym";
				ENABLE_NS_ASSERTIONS = NO;
				ENABLE_STRICT_OBJC_MSGSEND = YES;
				GCC_C_LANGUAGE_STANDARD = gnu11;
				GCC_NO_COMMON_BLOCKS = YES;
				GCC_WARN_64_TO_32_BIT_CONVERSION = YES;
				GCC_WARN_ABOUT_RETURN_TYPE = YES_ERROR;
				GCC_WARN_UNDECLARED_SELECTOR = YES;
				GCC_WARN_UNINITIALIZED_AUTOS = YES_AGGRESSIVE;
				GCC_WARN_UNUSED_FUNCTION = YES;
				GCC_WARN_UNUSED_VARIABLE = YES;
				IPHONEOS_DEPLOYMENT_TARGET = 16.4;
				MTL_ENABLE_DEBUG_INFO = NO;
				MTL_FAST_MATH = YES;
				SDKROOT = iphoneos;
				SWIFT_COMPILATION_MODE = wholemodule;
				SWIFT_OPTIMIZATION_LEVEL = "-O";
				VALIDATE_PRODUCT = YES;
			};
			name = Release;
		};
		3DF5D4DA2C46FA4000103F4B /* Debug */ = {
			isa = XCBuildConfiguration;
			buildSettings = {
				ASSETCATALOG_COMPILER_APPICON_NAME = AppIcon;
				ASSETCATALOG_COMPILER_GLOBAL_ACCENT_COLOR_NAME = AccentColor;
				CODE_SIGN_STYLE = Automatic;
				CURRENT_PROJECT_VERSION = 1;
				DEVELOPMENT_ASSET_PATHS = "\"Threads/Preview Content\"";
				DEVELOPMENT_TEAM = PX63F4TNY3;
				ENABLE_PREVIEWS = YES;
				GENERATE_INFOPLIST_FILE = YES;
				INFOPLIST_KEY_UIApplicationSceneManifest_Generation = YES;
				INFOPLIST_KEY_UIApplicationSupportsIndirectInputEvents = YES;
				INFOPLIST_KEY_UILaunchScreen_Generation = YES;
				INFOPLIST_KEY_UISupportedInterfaceOrientations_iPad = "UIInterfaceOrientationPortrait UIInterfaceOrientationPortraitUpsideDown UIInterfaceOrientationLandscapeLeft UIInterfaceOrientationLandscapeRight";
				INFOPLIST_KEY_UISupportedInterfaceOrientations_iPhone = "UIInterfaceOrientationPortrait UIInterfaceOrientationLandscapeLeft UIInterfaceOrientationLandscapeRight";
				LD_RUNPATH_SEARCH_PATHS = (
					"$(inherited)",
					"@executable_path/Frameworks",
				);
				MARKETING_VERSION = 1.0;
				PRODUCT_BUNDLE_IDENTIFIER = com.dreamsoftware.Threads;
				PRODUCT_NAME = "$(TARGET_NAME)";
				SWIFT_EMIT_LOC_STRINGS = YES;
				SWIFT_VERSION = 5.0;
				TARGETED_DEVICE_FAMILY = "1,2";
			};
			name = Debug;
		};
		3DF5D4DB2C46FA4000103F4B /* Release */ = {
			isa = XCBuildConfiguration;
			buildSettings = {
				ASSETCATALOG_COMPILER_APPICON_NAME = AppIcon;
				ASSETCATALOG_COMPILER_GLOBAL_ACCENT_COLOR_NAME = AccentColor;
				CODE_SIGN_STYLE = Automatic;
				CURRENT_PROJECT_VERSION = 1;
				DEVELOPMENT_ASSET_PATHS = "\"Threads/Preview Content\"";
				DEVELOPMENT_TEAM = PX63F4TNY3;
				ENABLE_PREVIEWS = YES;
				GENERATE_INFOPLIST_FILE = YES;
				INFOPLIST_KEY_UIApplicationSceneManifest_Generation = YES;
				INFOPLIST_KEY_UIApplicationSupportsIndirectInputEvents = YES;
				INFOPLIST_KEY_UILaunchScreen_Generation = YES;
				INFOPLIST_KEY_UISupportedInterfaceOrientations_iPad = "UIInterfaceOrientationPortrait UIInterfaceOrientationPortraitUpsideDown UIInterfaceOrientationLandscapeLeft UIInterfaceOrientationLandscapeRight";
				INFOPLIST_KEY_UISupportedInterfaceOrientations_iPhone = "UIInterfaceOrientationPortrait UIInterfaceOrientationLandscapeLeft UIInterfaceOrientationLandscapeRight";
				LD_RUNPATH_SEARCH_PATHS = (
					"$(inherited)",
					"@executable_path/Frameworks",
				);
				MARKETING_VERSION = 1.0;
				PRODUCT_BUNDLE_IDENTIFIER = com.dreamsoftware.Threads;
				PRODUCT_NAME = "$(TARGET_NAME)";
				SWIFT_EMIT_LOC_STRINGS = YES;
				SWIFT_VERSION = 5.0;
				TARGETED_DEVICE_FAMILY = "1,2";
			};
			name = Release;
		};
/* End XCBuildConfiguration section */

/* Begin XCConfigurationList section */
		3DF5D4C62C46FA3E00103F4B /* Build configuration list for PBXProject "Threads" */ = {
			isa = XCConfigurationList;
			buildConfigurations = (
				3DF5D4D72C46FA4000103F4B /* Debug */,
				3DF5D4D82C46FA4000103F4B /* Release */,
			);
			defaultConfigurationIsVisible = 0;
			defaultConfigurationName = Release;
		};
		3DF5D4D92C46FA4000103F4B /* Build configuration list for PBXNativeTarget "Threads" */ = {
			isa = XCConfigurationList;
			buildConfigurations = (
				3DF5D4DA2C46FA4000103F4B /* Debug */,
				3DF5D4DB2C46FA4000103F4B /* Release */,
			);
			defaultConfigurationIsVisible = 0;
			defaultConfigurationName = Release;
		};
/* End XCConfigurationList section */

/* Begin XCRemoteSwiftPackageReference section */
		3D6512A42C4AD63100EC40EE /* XCRemoteSwiftPackageReference "firebase-ios-sdk" */ = {
			isa = XCRemoteSwiftPackageReference;
			repositoryURL = "https://github.com/firebase/firebase-ios-sdk.git";
			requirement = {
				kind = upToNextMajorVersion;
				minimumVersion = 10.0.0;
			};
		};
		3D7F54D22CDD5A7600D1CF50 /* XCRemoteSwiftPackageReference "Factory" */ = {
			isa = XCRemoteSwiftPackageReference;
			repositoryURL = "https://github.com/hmlongco/Factory.git";
			requirement = {
				kind = upToNextMajorVersion;
				minimumVersion = 2.0.0;
			};
		};
		3D885E082C4D017700A3BE3A /* XCRemoteSwiftPackageReference "Kingfisher" */ = {
			isa = XCRemoteSwiftPackageReference;
			repositoryURL = "https://github.com/onevcat/Kingfisher.git";
			requirement = {
				kind = upToNextMajorVersion;
				minimumVersion = 7.0.0;
			};
		};
/* End XCRemoteSwiftPackageReference section */

/* Begin XCSwiftPackageProductDependency section */
		3D6512A52C4AD63100EC40EE /* FirebaseAuth */ = {
			isa = XCSwiftPackageProductDependency;
			package = 3D6512A42C4AD63100EC40EE /* XCRemoteSwiftPackageReference "firebase-ios-sdk" */;
			productName = FirebaseAuth;
		};
		3D6512A72C4AD63100EC40EE /* FirebaseFirestore */ = {
			isa = XCSwiftPackageProductDependency;
			package = 3D6512A42C4AD63100EC40EE /* XCRemoteSwiftPackageReference "firebase-ios-sdk" */;
			productName = FirebaseFirestore;
		};
		3D6512A92C4AD63100EC40EE /* FirebaseFirestoreSwift */ = {
			isa = XCSwiftPackageProductDependency;
			package = 3D6512A42C4AD63100EC40EE /* XCRemoteSwiftPackageReference "firebase-ios-sdk" */;
			productName = FirebaseFirestoreSwift;
		};
		3D6512AB2C4AD63100EC40EE /* FirebaseStorage */ = {
			isa = XCSwiftPackageProductDependency;
			package = 3D6512A42C4AD63100EC40EE /* XCRemoteSwiftPackageReference "firebase-ios-sdk" */;
			productName = FirebaseStorage;
		};
		3D7F54D32CDD5A7600D1CF50 /* Factory */ = {
			isa = XCSwiftPackageProductDependency;
			package = 3D7F54D22CDD5A7600D1CF50 /* XCRemoteSwiftPackageReference "Factory" */;
			productName = Factory;
		};
		3D885E092C4D017700A3BE3A /* Kingfisher */ = {
			isa = XCSwiftPackageProductDependency;
			package = 3D885E082C4D017700A3BE3A /* XCRemoteSwiftPackageReference "Kingfisher" */;
			productName = Kingfisher;
		};
/* End XCSwiftPackageProductDependency section */
	};
	rootObject = 3DF5D4C32C46FA3E00103F4B /* Project object */;
}
